
Microsoft Visual Studio Solution File, Format Version 12.00
# Visual Studio Version 17
VisualStudioVersion = 17.5.33424.131
MinimumVisualStudioVersion = 10.0.40219.1
Project("{9A19103F-16F7-4668-BE54-9A1E7A4F7556}") = "Первая программа на C# с .NET CLI", "Chapter 01\Первая программа на C# с .NET CLI\Первая программа на C# с .NET CLI.csproj", "{48BBBEC0-9A0E-40F9-B1C7-BB2AD77E5FA9}"
EndProject
Project("{9A19103F-16F7-4668-BE54-9A1E7A4F7556}") = "Структура программы", "Chapter 02\Структура программы\Структура программы.csproj", "{D53AACA2-A777-4DA0-BCD8-E29F02BDFB12}"
EndProject
Project("{9A19103F-16F7-4668-BE54-9A1E7A4F7556}") = "Переменные и константы", "Chapter 02\Переменные и константы\Переменные и константы.csproj", "{94D746C5-2188-4614-84AA-6EC85DA89697}"
EndProject
Project("{2150E333-8FDC-42A3-9474-1A3956D46DE8}") = "Chapter 01", "Chapter 01", "{D220E050-2DAA-4AFA-BD53-7F997ECD2078}"
EndProject
Project("{2150E333-8FDC-42A3-9474-1A3956D46DE8}") = "Chapter 02", "Chapter 02", "{1D528AF1-5215-4FF5-A3D2-F77AC4B29F74}"
EndProject
Project("{2150E333-8FDC-42A3-9474-1A3956D46DE8}") = "Chapter 03", "Chapter 03", "{D35BADD8-0F11-428C-A1E3-E0AF643F4242}"
EndProject
Project("{9A19103F-16F7-4668-BE54-9A1E7A4F7556}") = "Литералы", "Chapter 02\Литералы\Литералы.csproj", "{20D45B3B-5FA9-4D02-AFD2-8256B769E856}"
EndProject
Project("{9A19103F-16F7-4668-BE54-9A1E7A4F7556}") = "Типы данных", "Chapter 02\Типы данных\Типы данных.csproj", "{731BB337-8339-45E6-B011-157E47EF6746}"
EndProject
Project("{9A19103F-16F7-4668-BE54-9A1E7A4F7556}") = "Консольный ввод-вывод", "Chapter 02\Консольный ввод-вывод\Консольный ввод-вывод.csproj", "{44003649-5DD7-4393-B799-1D25DD5B51A6}"
EndProject
Project("{9A19103F-16F7-4668-BE54-9A1E7A4F7556}") = "Арифметические операции языка C#", "Chapter 02\Арифметические операции языка C#\Арифметические операции языка C#.csproj", "{2FD9BAC0-9E60-48C2-AE98-7669F81A6662}"
EndProject
Project("{9A19103F-16F7-4668-BE54-9A1E7A4F7556}") = "Поразрядные операции", "Chapter 02\Поразрядные операции\Поразрядные операции.csproj", "{1E281BED-0491-466F-B587-4D411E5722E7}"
EndProject
Project("{9A19103F-16F7-4668-BE54-9A1E7A4F7556}") = "Операции присваивания", "Chapter 02\Операции присваивания\Операции присваивания.csproj", "{5CE3AF2E-4F0E-49FF-AD78-41814A0BB94E}"
EndProject
Project("{9A19103F-16F7-4668-BE54-9A1E7A4F7556}") = "Преобразования базовых типов данных", "Chapter 02\Преобразования базовых типов данных\Преобразования базовых типов данных.csproj", "{740C8325-254A-4C93-A362-F0373CD791DE}"
EndProject
Project("{9A19103F-16F7-4668-BE54-9A1E7A4F7556}") = "Условные выражения", "Chapter 02\Условные выражения\Условные выражения.csproj", "{3B6C5983-44B5-4775-85FD-7748D88C7DBC}"
EndProject
Project("{FAE04EC0-301F-11D3-BF4B-00C04F79EFBC}") = "Конструкция if else и тернарная операция", "Chapter 02\Конструкция if else и тернарная операция\Конструкция if else и тернарная операция.csproj", "{B3A7D876-88E3-44AD-A3FA-D49529FD693C}"
EndProject
Project("{FAE04EC0-301F-11D3-BF4B-00C04F79EFBC}") = "Циклы", "Chapter 02\Циклы\Циклы.csproj", "{38B6F4C2-D79C-40E0-8AA6-C4FF5374E4B2}"
EndProject
Project("{FAE04EC0-301F-11D3-BF4B-00C04F79EFBC}") = "Массивы", "Chapter 02\Массивы\Массивы.csproj", "{35CFBF99-9ED3-48C8-B214-2BBA0E9BB541}"
EndProject
Project("{FAE04EC0-301F-11D3-BF4B-00C04F79EFBC}") = "Задачи с массивами", "Chapter 02\Задачи с массивами\Задачи с массивами.csproj", "{8A508153-51C0-45AF-86D6-356AC67D647F}"
EndProject
Project("{FAE04EC0-301F-11D3-BF4B-00C04F79EFBC}") = "Методы", "Chapter 02\Методы\Методы.csproj", "{7181B760-8C46-4B09-8F26-01D8C12679BD}"
EndProject
Project("{FAE04EC0-301F-11D3-BF4B-00C04F79EFBC}") = "Параметры методов", "Chapter 02\Параметры методов\Параметры методов.csproj", "{8621CAE4-3FF6-47C6-90DA-1D607B092B5D}"
EndProject
Global
	GlobalSection(SolutionConfigurationPlatforms) = preSolution
		Debug|Any CPU = Debug|Any CPU
		Release|Any CPU = Release|Any CPU
	EndGlobalSection
	GlobalSection(ProjectConfigurationPlatforms) = postSolution
		{48BBBEC0-9A0E-40F9-B1C7-BB2AD77E5FA9}.Debug|Any CPU.ActiveCfg = Debug|Any CPU
		{48BBBEC0-9A0E-40F9-B1C7-BB2AD77E5FA9}.Debug|Any CPU.Build.0 = Debug|Any CPU
		{48BBBEC0-9A0E-40F9-B1C7-BB2AD77E5FA9}.Release|Any CPU.ActiveCfg = Release|Any CPU
		{48BBBEC0-9A0E-40F9-B1C7-BB2AD77E5FA9}.Release|Any CPU.Build.0 = Release|Any CPU
		{D53AACA2-A777-4DA0-BCD8-E29F02BDFB12}.Debug|Any CPU.ActiveCfg = Debug|Any CPU
		{D53AACA2-A777-4DA0-BCD8-E29F02BDFB12}.Debug|Any CPU.Build.0 = Debug|Any CPU
		{D53AACA2-A777-4DA0-BCD8-E29F02BDFB12}.Release|Any CPU.ActiveCfg = Release|Any CPU
		{D53AACA2-A777-4DA0-BCD8-E29F02BDFB12}.Release|Any CPU.Build.0 = Release|Any CPU
		{94D746C5-2188-4614-84AA-6EC85DA89697}.Debug|Any CPU.ActiveCfg = Debug|Any CPU
		{94D746C5-2188-4614-84AA-6EC85DA89697}.Debug|Any CPU.Build.0 = Debug|Any CPU
		{94D746C5-2188-4614-84AA-6EC85DA89697}.Release|Any CPU.ActiveCfg = Release|Any CPU
		{94D746C5-2188-4614-84AA-6EC85DA89697}.Release|Any CPU.Build.0 = Release|Any CPU
		{20D45B3B-5FA9-4D02-AFD2-8256B769E856}.Debug|Any CPU.ActiveCfg = Debug|Any CPU
		{20D45B3B-5FA9-4D02-AFD2-8256B769E856}.Debug|Any CPU.Build.0 = Debug|Any CPU
		{20D45B3B-5FA9-4D02-AFD2-8256B769E856}.Release|Any CPU.ActiveCfg = Release|Any CPU
		{20D45B3B-5FA9-4D02-AFD2-8256B769E856}.Release|Any CPU.Build.0 = Release|Any CPU
		{731BB337-8339-45E6-B011-157E47EF6746}.Debug|Any CPU.ActiveCfg = Debug|Any CPU
		{731BB337-8339-45E6-B011-157E47EF6746}.Debug|Any CPU.Build.0 = Debug|Any CPU
		{731BB337-8339-45E6-B011-157E47EF6746}.Release|Any CPU.ActiveCfg = Release|Any CPU
		{731BB337-8339-45E6-B011-157E47EF6746}.Release|Any CPU.Build.0 = Release|Any CPU
		{44003649-5DD7-4393-B799-1D25DD5B51A6}.Debug|Any CPU.ActiveCfg = Debug|Any CPU
		{44003649-5DD7-4393-B799-1D25DD5B51A6}.Debug|Any CPU.Build.0 = Debug|Any CPU
		{44003649-5DD7-4393-B799-1D25DD5B51A6}.Release|Any CPU.ActiveCfg = Release|Any CPU
		{44003649-5DD7-4393-B799-1D25DD5B51A6}.Release|Any CPU.Build.0 = Release|Any CPU
		{2FD9BAC0-9E60-48C2-AE98-7669F81A6662}.Debug|Any CPU.ActiveCfg = Debug|Any CPU
		{2FD9BAC0-9E60-48C2-AE98-7669F81A6662}.Debug|Any CPU.Build.0 = Debug|Any CPU
		{2FD9BAC0-9E60-48C2-AE98-7669F81A6662}.Release|Any CPU.ActiveCfg = Release|Any CPU
		{2FD9BAC0-9E60-48C2-AE98-7669F81A6662}.Release|Any CPU.Build.0 = Release|Any CPU
		{1E281BED-0491-466F-B587-4D411E5722E7}.Debug|Any CPU.ActiveCfg = Debug|Any CPU
		{1E281BED-0491-466F-B587-4D411E5722E7}.Debug|Any CPU.Build.0 = Debug|Any CPU
		{1E281BED-0491-466F-B587-4D411E5722E7}.Release|Any CPU.ActiveCfg = Release|Any CPU
		{1E281BED-0491-466F-B587-4D411E5722E7}.Release|Any CPU.Build.0 = Release|Any CPU
		{5CE3AF2E-4F0E-49FF-AD78-41814A0BB94E}.Debug|Any CPU.ActiveCfg = Debug|Any CPU
		{5CE3AF2E-4F0E-49FF-AD78-41814A0BB94E}.Debug|Any CPU.Build.0 = Debug|Any CPU
		{5CE3AF2E-4F0E-49FF-AD78-41814A0BB94E}.Release|Any CPU.ActiveCfg = Release|Any CPU
		{5CE3AF2E-4F0E-49FF-AD78-41814A0BB94E}.Release|Any CPU.Build.0 = Release|Any CPU
		{740C8325-254A-4C93-A362-F0373CD791DE}.Debug|Any CPU.ActiveCfg = Debug|Any CPU
		{740C8325-254A-4C93-A362-F0373CD791DE}.Debug|Any CPU.Build.0 = Debug|Any CPU
		{740C8325-254A-4C93-A362-F0373CD791DE}.Release|Any CPU.ActiveCfg = Release|Any CPU
		{740C8325-254A-4C93-A362-F0373CD791DE}.Release|Any CPU.Build.0 = Release|Any CPU
		{3B6C5983-44B5-4775-85FD-7748D88C7DBC}.Debug|Any CPU.ActiveCfg = Debug|Any CPU
		{3B6C5983-44B5-4775-85FD-7748D88C7DBC}.Debug|Any CPU.Build.0 = Debug|Any CPU
		{3B6C5983-44B5-4775-85FD-7748D88C7DBC}.Release|Any CPU.ActiveCfg = Release|Any CPU
		{3B6C5983-44B5-4775-85FD-7748D88C7DBC}.Release|Any CPU.Build.0 = Release|Any CPU
		{B3A7D876-88E3-44AD-A3FA-D49529FD693C}.Debug|Any CPU.ActiveCfg = Debug|Any CPU
		{B3A7D876-88E3-44AD-A3FA-D49529FD693C}.Debug|Any CPU.Build.0 = Debug|Any CPU
		{B3A7D876-88E3-44AD-A3FA-D49529FD693C}.Release|Any CPU.ActiveCfg = Release|Any CPU
		{B3A7D876-88E3-44AD-A3FA-D49529FD693C}.Release|Any CPU.Build.0 = Release|Any CPU
		{38B6F4C2-D79C-40E0-8AA6-C4FF5374E4B2}.Debug|Any CPU.ActiveCfg = Debug|Any CPU
		{38B6F4C2-D79C-40E0-8AA6-C4FF5374E4B2}.Debug|Any CPU.Build.0 = Debug|Any CPU
		{38B6F4C2-D79C-40E0-8AA6-C4FF5374E4B2}.Release|Any CPU.ActiveCfg = Release|Any CPU
		{38B6F4C2-D79C-40E0-8AA6-C4FF5374E4B2}.Release|Any CPU.Build.0 = Release|Any CPU
		{35CFBF99-9ED3-48C8-B214-2BBA0E9BB541}.Debug|Any CPU.ActiveCfg = Debug|Any CPU
		{35CFBF99-9ED3-48C8-B214-2BBA0E9BB541}.Debug|Any CPU.Build.0 = Debug|Any CPU
		{35CFBF99-9ED3-48C8-B214-2BBA0E9BB541}.Release|Any CPU.ActiveCfg = Release|Any CPU
		{35CFBF99-9ED3-48C8-B214-2BBA0E9BB541}.Release|Any CPU.Build.0 = Release|Any CPU
		{8A508153-51C0-45AF-86D6-356AC67D647F}.Debug|Any CPU.ActiveCfg = Debug|Any CPU
		{8A508153-51C0-45AF-86D6-356AC67D647F}.Debug|Any CPU.Build.0 = Debug|Any CPU
		{8A508153-51C0-45AF-86D6-356AC67D647F}.Release|Any CPU.ActiveCfg = Release|Any CPU
		{8A508153-51C0-45AF-86D6-356AC67D647F}.Release|Any CPU.Build.0 = Release|Any CPU
		{7181B760-8C46-4B09-8F26-01D8C12679BD}.Debug|Any CPU.ActiveCfg = Debug|Any CPU
		{7181B760-8C46-4B09-8F26-01D8C12679BD}.Debug|Any CPU.Build.0 = Debug|Any CPU
		{7181B760-8C46-4B09-8F26-01D8C12679BD}.Release|Any CPU.ActiveCfg = Release|Any CPU
		{7181B760-8C46-4B09-8F26-01D8C12679BD}.Release|Any CPU.Build.0 = Release|Any CPU
		{8621CAE4-3FF6-47C6-90DA-1D607B092B5D}.Debug|Any CPU.ActiveCfg = Debug|Any CPU
		{8621CAE4-3FF6-47C6-90DA-1D607B092B5D}.Debug|Any CPU.Build.0 = Debug|Any CPU
		{8621CAE4-3FF6-47C6-90DA-1D607B092B5D}.Release|Any CPU.ActiveCfg = Release|Any CPU
		{8621CAE4-3FF6-47C6-90DA-1D607B092B5D}.Release|Any CPU.Build.0 = Release|Any CPU
	EndGlobalSection
	GlobalSection(SolutionProperties) = preSolution
		HideSolutionNode = FALSE
	EndGlobalSection
	GlobalSection(NestedProjects) = preSolution
		{48BBBEC0-9A0E-40F9-B1C7-BB2AD77E5FA9} = {D220E050-2DAA-4AFA-BD53-7F997ECD2078}
		{D53AACA2-A777-4DA0-BCD8-E29F02BDFB12} = {1D528AF1-5215-4FF5-A3D2-F77AC4B29F74}
		{94D746C5-2188-4614-84AA-6EC85DA89697} = {1D528AF1-5215-4FF5-A3D2-F77AC4B29F74}
		{20D45B3B-5FA9-4D02-AFD2-8256B769E856} = {1D528AF1-5215-4FF5-A3D2-F77AC4B29F74}
		{731BB337-8339-45E6-B011-157E47EF6746} = {1D528AF1-5215-4FF5-A3D2-F77AC4B29F74}
		{44003649-5DD7-4393-B799-1D25DD5B51A6} = {1D528AF1-5215-4FF5-A3D2-F77AC4B29F74}
		{2FD9BAC0-9E60-48C2-AE98-7669F81A6662} = {1D528AF1-5215-4FF5-A3D2-F77AC4B29F74}
		{1E281BED-0491-466F-B587-4D411E5722E7} = {1D528AF1-5215-4FF5-A3D2-F77AC4B29F74}
		{5CE3AF2E-4F0E-49FF-AD78-41814A0BB94E} = {1D528AF1-5215-4FF5-A3D2-F77AC4B29F74}
		{740C8325-254A-4C93-A362-F0373CD791DE} = {1D528AF1-5215-4FF5-A3D2-F77AC4B29F74}
		{3B6C5983-44B5-4775-85FD-7748D88C7DBC} = {1D528AF1-5215-4FF5-A3D2-F77AC4B29F74}
		{B3A7D876-88E3-44AD-A3FA-D49529FD693C} = {1D528AF1-5215-4FF5-A3D2-F77AC4B29F74}
		{38B6F4C2-D79C-40E0-8AA6-C4FF5374E4B2} = {1D528AF1-5215-4FF5-A3D2-F77AC4B29F74}
		{35CFBF99-9ED3-48C8-B214-2BBA0E9BB541} = {1D528AF1-5215-4FF5-A3D2-F77AC4B29F74}
		{8A508153-51C0-45AF-86D6-356AC67D647F} = {1D528AF1-5215-4FF5-A3D2-F77AC4B29F74}
		{7181B760-8C46-4B09-8F26-01D8C12679BD} = {1D528AF1-5215-4FF5-A3D2-F77AC4B29F74}
		{8621CAE4-3FF6-47C6-90DA-1D607B092B5D} = {1D528AF1-5215-4FF5-A3D2-F77AC4B29F74}
	EndGlobalSection
	GlobalSection(ExtensibilityGlobals) = postSolution
		SolutionGuid = {96D83C9C-FB59-4DC6-9C88-D50A7BF34929}
	EndGlobalSection
EndGlobal
